<?xml version="1.0" encoding="utf-8"?>
<Project ToolsVersion="4.0" xmlns="http://schemas.microsoft.com/developer/msbuild/2003">
  <ItemGroup>
    <Filter Include="Source Files">
      <UniqueIdentifier>{4FC737F1-C7A5-4376-A066-2A32D752A2FF}</UniqueIdentifier>
      <Extensions>cpp;c;cc;cxx;def;odl;idl;hpj;bat;asm;asmx</Extensions>
    </Filter>
    <Filter Include="Header Files">
      <UniqueIdentifier>{93995380-89BD-4b04-88EB-625FBE52EBFB}</UniqueIdentifier>
      <Extensions>h;hpp;hxx;hm;inl;inc;xsd</Extensions>
    </Filter>
    <Filter Include="Resource Files">
      <UniqueIdentifier>{67DA6AB6-F800-4c08-8B7A-83BB121AAD01}</UniqueIdentifier>
      <Extensions>rc;ico;cur;bmp;dlg;rc2;rct;bin;rgs;gif;jpg;jpeg;jpe;resx;tiff;tif;png;wav;mfcribbon-ms</Extensions>
    </Filter>
    <Filter Include="Header Files\Accounts">
      <UniqueIdentifier>{714e94c1-8999-4eb0-927a-9fed3b898ca0}</UniqueIdentifier>
    </Filter>
    <Filter Include="Source Files\Accounts">
      <UniqueIdentifier>{8aa06e7c-a4e5-4987-b579-0d281ac42079}</UniqueIdentifier>
    </Filter>
    <Filter Include="Header Files\Containers">
      <UniqueIdentifier>{a88330c3-714d-4ccf-a960-98a5f7152f8f}</UniqueIdentifier>
    </Filter>
    <Filter Include="Source Files\Containers">
      <UniqueIdentifier>{c42b23c9-62ef-4b79-b440-97d73b46223e}</UniqueIdentifier>
    </Filter>
  </ItemGroup>
  <ItemGroup>
    <ClInclude Include="types.h">
      <Filter>Header Files</Filter>
    </ClInclude>
    <ClInclude Include="resource.h">
      <Filter>Header Files</Filter>
    </ClInclude>
    <ClInclude Include="CBusinessAcc.h">
      <Filter>Header Files\Accounts</Filter>
    </ClInclude>
    <ClInclude Include="CStandardAcc.h">
      <Filter>Header Files\Accounts</Filter>
    </ClInclude>
    <ClInclude Include="CStudentAcc.h">
      <Filter>Header Files\Accounts</Filter>
    </ClInclude>
    <ClInclude Include="IAccountManagement.h">
      <Filter>Header Files\Accounts</Filter>
    </ClInclude>
    <ClInclude Include="OtherAccounts.h">
      <Filter>Header Files\Accounts</Filter>
    </ClInclude>
    <ClInclude Include="IAccount.h">
      <Filter>Header Files\Accounts</Filter>
    </ClInclude>
    <ClInclude Include="TQueue.h">
      <Filter>Header Files\Containers</Filter>
    </ClInclude>
    <ClInclude Include="CTransaction.h">
      <Filter>Header Files</Filter>
    </ClInclude>
    <ClInclude Include="IBAN.h">
      <Filter>Header Files</Filter>
    </ClInclude>
    <ClInclude Include="BankManager.h">
      <Filter>Header Files</Filter>
    </ClInclude>
    <ClInclude Include="accounts.h">
      <Filter>Header Files\Accounts</Filter>
    </ClInclude>
  </ItemGroup>
  <ItemGroup>
    <ClCompile Include="CStandardAcc.cpp">
      <Filter>Source Files\Accounts</Filter>
    </ClCompile>
    <ClCompile Include="CStudentAcc.cpp">
      <Filter>Source Files\Accounts</Filter>
    </ClCompile>
    <ClCompile Include="IAccount.cpp">
      <Filter>Source Files\Accounts</Filter>
    </ClCompile>
    <ClCompile Include="IAccountManagement.cpp">
      <Filter>Source Files\Accounts</Filter>
    </ClCompile>
    <ClCompile Include="OtherAccounts.cpp">
      <Filter>Source Files\Accounts</Filter>
    </ClCompile>
    <ClCompile Include="main.cpp">
      <Filter>Source Files</Filter>
    </ClCompile>
    <ClCompile Include="CTransaction.cpp">
      <Filter>Source Files</Filter>
    </ClCompile>
    <ClCompile Include="IBAN.cpp">
      <Filter>Source Files</Filter>
    </ClCompile>
    <ClCompile Include="BankManager.cpp">
      <Filter>Source Files</Filter>
    </ClCompile>
    <ClCompile Include="CBusinessAcc.cpp">
      <Filter>Source Files\Accounts</Filter>
    </ClCompile>
    <ClCompile Include="TQueue.cpp">
      <Filter>Source Files\Containers</Filter>
    </ClCompile>
  </ItemGroup>
  <ItemGroup>
    <ResourceCompile Include="MainApp.rc">
      <Filter>Source Files</Filter>
    </ResourceCompile>
  </ItemGroup>
</Project>